
Microsoft Visual Studio Solution File, Format Version 12.00
# Visual Studio Version 16
VisualStudioVersion = 16.0.29215.179
MinimumVisualStudioVersion = 10.0.40219.1
Project("{9A19103F-16F7-4668-BE54-9A1E7A4F7556}") = "wplanr", "wplanr\wplanr.csproj", "{7B0925F2-EF51-4E02-BDF8-0AEBC69B3D70}"
EndProject
Project("{9A19103F-16F7-4668-BE54-9A1E7A4F7556}") = "wplanr.Services", "wplanr.Services\wplanr.Services.csproj", "{4AD250C5-745F-42FA-AA10-05B287D7A92D}"
EndProject
Project("{9A19103F-16F7-4668-BE54-9A1E7A4F7556}") = "wplanr.DTO", "wplanr.DTO\wplanr.DTO.csproj", "{D236DA7A-9A30-46EB-AB09-19A3AFBD400C}"
EndProject
Project("{9A19103F-16F7-4668-BE54-9A1E7A4F7556}") = "wplanr.Core", "wplanr.Core\wplanr.Core.csproj", "{E51C968B-5F68-477D-AF17-4C39DCEA6EB5}"
EndProject
Project("{9A19103F-16F7-4668-BE54-9A1E7A4F7556}") = "wplanr.Repository", "wplanr.Repository\wplanr.Repository.csproj", "{6086B3A2-DB5F-4D84-B3D9-97B501958CDA}"
EndProject
Project("{9A19103F-16F7-4668-BE54-9A1E7A4F7556}") = "wplanr.DbContext", "wplanr.DbContext\wplanr.DbContext.csproj", "{CA961C9F-D338-4B6C-B4C3-A85EB27556A4}"
EndProject
Project("{2150E333-8FDC-42A3-9474-1A3956D46DE8}") = "Presentation", "Presentation", "{D6A5F63B-E1AA-4E5A-B435-D64264947A8C}"
EndProject
Project("{2150E333-8FDC-42A3-9474-1A3956D46DE8}") = "Business", "Business", "{07D082F0-161E-4DFE-8132-4824D9F16D4A}"
EndProject
Project("{2150E333-8FDC-42A3-9474-1A3956D46DE8}") = "Infrastructure", "Infrastructure", "{E9D25B52-C1C4-460B-84FD-F65ADA7EC386}"
EndProject
Global
	GlobalSection(SolutionConfigurationPlatforms) = preSolution
		Debug|Any CPU = Debug|Any CPU
		Release|Any CPU = Release|Any CPU
	EndGlobalSection
	GlobalSection(ProjectConfigurationPlatforms) = postSolution
		{7B0925F2-EF51-4E02-BDF8-0AEBC69B3D70}.Debug|Any CPU.ActiveCfg = Debug|Any CPU
		{7B0925F2-EF51-4E02-BDF8-0AEBC69B3D70}.Debug|Any CPU.Build.0 = Debug|Any CPU
		{7B0925F2-EF51-4E02-BDF8-0AEBC69B3D70}.Release|Any CPU.ActiveCfg = Release|Any CPU
		{7B0925F2-EF51-4E02-BDF8-0AEBC69B3D70}.Release|Any CPU.Build.0 = Release|Any CPU
		{4AD250C5-745F-42FA-AA10-05B287D7A92D}.Debug|Any CPU.ActiveCfg = Debug|Any CPU
		{4AD250C5-745F-42FA-AA10-05B287D7A92D}.Debug|Any CPU.Build.0 = Debug|Any CPU
		{4AD250C5-745F-42FA-AA10-05B287D7A92D}.Release|Any CPU.ActiveCfg = Release|Any CPU
		{4AD250C5-745F-42FA-AA10-05B287D7A92D}.Release|Any CPU.Build.0 = Release|Any CPU
		{D236DA7A-9A30-46EB-AB09-19A3AFBD400C}.Debug|Any CPU.ActiveCfg = Debug|Any CPU
		{D236DA7A-9A30-46EB-AB09-19A3AFBD400C}.Debug|Any CPU.Build.0 = Debug|Any CPU
		{D236DA7A-9A30-46EB-AB09-19A3AFBD400C}.Release|Any CPU.ActiveCfg = Release|Any CPU
		{D236DA7A-9A30-46EB-AB09-19A3AFBD400C}.Release|Any CPU.Build.0 = Release|Any CPU
		{E51C968B-5F68-477D-AF17-4C39DCEA6EB5}.Debug|Any CPU.ActiveCfg = Debug|Any CPU
		{E51C968B-5F68-477D-AF17-4C39DCEA6EB5}.Debug|Any CPU.Build.0 = Debug|Any CPU
		{E51C968B-5F68-477D-AF17-4C39DCEA6EB5}.Release|Any CPU.ActiveCfg = Release|Any CPU
		{E51C968B-5F68-477D-AF17-4C39DCEA6EB5}.Release|Any CPU.Build.0 = Release|Any CPU
		{6086B3A2-DB5F-4D84-B3D9-97B501958CDA}.Debug|Any CPU.ActiveCfg = Debug|Any CPU
		{6086B3A2-DB5F-4D84-B3D9-97B501958CDA}.Debug|Any CPU.Build.0 = Debug|Any CPU
		{6086B3A2-DB5F-4D84-B3D9-97B501958CDA}.Release|Any CPU.ActiveCfg = Release|Any CPU
		{6086B3A2-DB5F-4D84-B3D9-97B501958CDA}.Release|Any CPU.Build.0 = Release|Any CPU
		{CA961C9F-D338-4B6C-B4C3-A85EB27556A4}.Debug|Any CPU.ActiveCfg = Debug|Any CPU
		{CA961C9F-D338-4B6C-B4C3-A85EB27556A4}.Debug|Any CPU.Build.0 = Debug|Any CPU
		{CA961C9F-D338-4B6C-B4C3-A85EB27556A4}.Release|Any CPU.ActiveCfg = Release|Any CPU
		{CA961C9F-D338-4B6C-B4C3-A85EB27556A4}.Release|Any CPU.Build.0 = Release|Any CPU
	EndGlobalSection
	GlobalSection(SolutionProperties) = preSolution
		HideSolutionNode = FALSE
	EndGlobalSection
	GlobalSection(NestedProjects) = preSolution
		{7B0925F2-EF51-4E02-BDF8-0AEBC69B3D70} = {D6A5F63B-E1AA-4E5A-B435-D64264947A8C}
		{4AD250C5-745F-42FA-AA10-05B287D7A92D} = {07D082F0-161E-4DFE-8132-4824D9F16D4A}
		{D236DA7A-9A30-46EB-AB09-19A3AFBD400C} = {E9D25B52-C1C4-460B-84FD-F65ADA7EC386}
		{E51C968B-5F68-477D-AF17-4C39DCEA6EB5} = {07D082F0-161E-4DFE-8132-4824D9F16D4A}
		{6086B3A2-DB5F-4D84-B3D9-97B501958CDA} = {E9D25B52-C1C4-460B-84FD-F65ADA7EC386}
		{CA961C9F-D338-4B6C-B4C3-A85EB27556A4} = {E9D25B52-C1C4-460B-84FD-F65ADA7EC386}
	EndGlobalSection
	GlobalSection(ExtensibilityGlobals) = postSolution
		SolutionGuid = {74AA17AE-0A63-4219-BA26-E874B880913F}
	EndGlobalSection
EndGlobal
